
Microsoft Visual Studio Solution File, Format Version 12.00
# Visual Studio Version 17
VisualStudioVersion = 17.9.34622.214
MinimumVisualStudioVersion = 10.0.40219.1
Project("{9A19103F-16F7-4668-BE54-9A1E7A4F7556}") = "AuthAPI", "Services\AuthAPI\AuthAPI.csproj", "{5B02CE32-CEA2-4904-9972-2B8D73442417}"
EndProject
Project("{2150E333-8FDC-42A3-9474-1A3956D46DE8}") = "Services", "Services", "{B48488ED-4089-4AA0-BD6D-13A8D11D087F}"
EndProject
Project("{2150E333-8FDC-42A3-9474-1A3956D46DE8}") = "MessageBus", "MessageBus", "{C2686032-0CBD-43CE-87CB-FE79BF2F7423}"
EndProject
Project("{9A19103F-16F7-4668-BE54-9A1E7A4F7556}") = "QuickFix.MessageBus", "MessageBus\QuickFix.MessageBus.csproj", "{BDCC799E-E4D1-4890-B22B-02D9DB01D149}"
EndProject
Project("{9A19103F-16F7-4668-BE54-9A1E7A4F7556}") = "EmailAPI", "Services\EmailAPI\EmailAPI.csproj", "{E953DAD6-6697-4469-8172-444DA89CECAD}"
EndProject
Project("{9A19103F-16F7-4668-BE54-9A1E7A4F7556}") = "QuickFixAPI", "Services\QuickFixAPI\QuickFixAPI.csproj", "{DF9D5986-469D-4673-BE83-E0152E628A14}"
EndProject
Project("{2150E333-8FDC-42A3-9474-1A3956D46DE8}") = "Test", "Test", "{3B351150-D8D4-4437-8101-DDBE29C823FD}"
EndProject
Project("{9A19103F-16F7-4668-BE54-9A1E7A4F7556}") = "QuickFixAPITest", "QuickFixAPITest\QuickFixAPITest.csproj", "{3D684A94-6876-4757-87B3-DB4C321AA7D0}"
EndProject
Project("{9A19103F-16F7-4668-BE54-9A1E7A4F7556}") = "QuickFixWeb", "QuickFixWeb\QuickFixWeb.csproj", "{2DDC8C89-FDD8-4B24-BA5E-E62F5B7A048D}"
EndProject
Project("{9A19103F-16F7-4668-BE54-9A1E7A4F7556}") = "AnalyticsAPI", "Services\AnalyticsAPI\AnalyticsAPI.csproj", "{01A3E718-6E21-4A3E-99B0-E00B1E9D8804}"
EndProject
Project("{2150E333-8FDC-42A3-9474-1A3956D46DE8}") = "Common", "Common", "{7ECE39DA-A84C-4A02-B78B-440C10F56C41}"
EndProject
Project("{9A19103F-16F7-4668-BE54-9A1E7A4F7556}") = "Infrastructure", "Infrastructure\Infrastructure.csproj", "{608F7A92-7A2A-4F73-AD21-7166B283610B}"
EndProject
Project("{9A19103F-16F7-4668-BE54-9A1E7A4F7556}") = "HttpService", "HttpService\HttpService.csproj", "{504B3940-A6B1-4B24-AD68-7D89D561A82D}"
EndProject
Project("{9A19103F-16F7-4668-BE54-9A1E7A4F7556}") = "StripeServer", "Services\StripeServer\StripeServer.csproj", "{B7F9BF71-3FC1-423D-98CE-F5D6A2FB1B80}"
EndProject
Project("{2150E333-8FDC-42A3-9474-1A3956D46DE8}") = "Gateway", "Gateway", "{FF476DD0-36C4-4235-95DB-03657851C481}"
EndProject
Project("{9A19103F-16F7-4668-BE54-9A1E7A4F7556}") = "QuickFix.Gateway", "Gateway\QuickFix.Gateway.csproj", "{69EB8E45-3DDA-4AEA-8636-C0DC81BE8B8B}"
EndProject
Global
	GlobalSection(SolutionConfigurationPlatforms) = preSolution
		Debug|Any CPU = Debug|Any CPU
		Release|Any CPU = Release|Any CPU
	EndGlobalSection
	GlobalSection(ProjectConfigurationPlatforms) = postSolution
		{5B02CE32-CEA2-4904-9972-2B8D73442417}.Debug|Any CPU.ActiveCfg = Debug|Any CPU
		{5B02CE32-CEA2-4904-9972-2B8D73442417}.Debug|Any CPU.Build.0 = Debug|Any CPU
		{5B02CE32-CEA2-4904-9972-2B8D73442417}.Release|Any CPU.ActiveCfg = Release|Any CPU
		{5B02CE32-CEA2-4904-9972-2B8D73442417}.Release|Any CPU.Build.0 = Release|Any CPU
		{BDCC799E-E4D1-4890-B22B-02D9DB01D149}.Debug|Any CPU.ActiveCfg = Debug|Any CPU
		{BDCC799E-E4D1-4890-B22B-02D9DB01D149}.Debug|Any CPU.Build.0 = Debug|Any CPU
		{BDCC799E-E4D1-4890-B22B-02D9DB01D149}.Release|Any CPU.ActiveCfg = Release|Any CPU
		{BDCC799E-E4D1-4890-B22B-02D9DB01D149}.Release|Any CPU.Build.0 = Release|Any CPU
		{E953DAD6-6697-4469-8172-444DA89CECAD}.Debug|Any CPU.ActiveCfg = Debug|Any CPU
		{E953DAD6-6697-4469-8172-444DA89CECAD}.Debug|Any CPU.Build.0 = Debug|Any CPU
		{E953DAD6-6697-4469-8172-444DA89CECAD}.Release|Any CPU.ActiveCfg = Release|Any CPU
		{E953DAD6-6697-4469-8172-444DA89CECAD}.Release|Any CPU.Build.0 = Release|Any CPU
		{DF9D5986-469D-4673-BE83-E0152E628A14}.Debug|Any CPU.ActiveCfg = Debug|Any CPU
		{DF9D5986-469D-4673-BE83-E0152E628A14}.Debug|Any CPU.Build.0 = Debug|Any CPU
		{DF9D5986-469D-4673-BE83-E0152E628A14}.Release|Any CPU.ActiveCfg = Release|Any CPU
		{DF9D5986-469D-4673-BE83-E0152E628A14}.Release|Any CPU.Build.0 = Release|Any CPU
		{3D684A94-6876-4757-87B3-DB4C321AA7D0}.Debug|Any CPU.ActiveCfg = Debug|Any CPU
		{3D684A94-6876-4757-87B3-DB4C321AA7D0}.Debug|Any CPU.Build.0 = Debug|Any CPU
		{3D684A94-6876-4757-87B3-DB4C321AA7D0}.Release|Any CPU.ActiveCfg = Release|Any CPU
		{3D684A94-6876-4757-87B3-DB4C321AA7D0}.Release|Any CPU.Build.0 = Release|Any CPU
		{2DDC8C89-FDD8-4B24-BA5E-E62F5B7A048D}.Debug|Any CPU.ActiveCfg = Debug|Any CPU
		{2DDC8C89-FDD8-4B24-BA5E-E62F5B7A048D}.Debug|Any CPU.Build.0 = Debug|Any CPU
		{2DDC8C89-FDD8-4B24-BA5E-E62F5B7A048D}.Release|Any CPU.ActiveCfg = Release|Any CPU
		{2DDC8C89-FDD8-4B24-BA5E-E62F5B7A048D}.Release|Any CPU.Build.0 = Release|Any CPU
		{01A3E718-6E21-4A3E-99B0-E00B1E9D8804}.Debug|Any CPU.ActiveCfg = Debug|Any CPU
		{01A3E718-6E21-4A3E-99B0-E00B1E9D8804}.Debug|Any CPU.Build.0 = Debug|Any CPU
		{01A3E718-6E21-4A3E-99B0-E00B1E9D8804}.Release|Any CPU.ActiveCfg = Release|Any CPU
		{01A3E718-6E21-4A3E-99B0-E00B1E9D8804}.Release|Any CPU.Build.0 = Release|Any CPU
		{608F7A92-7A2A-4F73-AD21-7166B283610B}.Debug|Any CPU.ActiveCfg = Debug|Any CPU
		{608F7A92-7A2A-4F73-AD21-7166B283610B}.Debug|Any CPU.Build.0 = Debug|Any CPU
		{608F7A92-7A2A-4F73-AD21-7166B283610B}.Release|Any CPU.ActiveCfg = Release|Any CPU
		{608F7A92-7A2A-4F73-AD21-7166B283610B}.Release|Any CPU.Build.0 = Release|Any CPU
		{504B3940-A6B1-4B24-AD68-7D89D561A82D}.Debug|Any CPU.ActiveCfg = Debug|Any CPU
		{504B3940-A6B1-4B24-AD68-7D89D561A82D}.Debug|Any CPU.Build.0 = Debug|Any CPU
		{504B3940-A6B1-4B24-AD68-7D89D561A82D}.Release|Any CPU.ActiveCfg = Release|Any CPU
		{504B3940-A6B1-4B24-AD68-7D89D561A82D}.Release|Any CPU.Build.0 = Release|Any CPU
		{B7F9BF71-3FC1-423D-98CE-F5D6A2FB1B80}.Debug|Any CPU.ActiveCfg = Debug|Any CPU
		{B7F9BF71-3FC1-423D-98CE-F5D6A2FB1B80}.Debug|Any CPU.Build.0 = Debug|Any CPU
		{B7F9BF71-3FC1-423D-98CE-F5D6A2FB1B80}.Release|Any CPU.ActiveCfg = Release|Any CPU
		{B7F9BF71-3FC1-423D-98CE-F5D6A2FB1B80}.Release|Any CPU.Build.0 = Release|Any CPU
		{69EB8E45-3DDA-4AEA-8636-C0DC81BE8B8B}.Debug|Any CPU.ActiveCfg = Debug|Any CPU
		{69EB8E45-3DDA-4AEA-8636-C0DC81BE8B8B}.Debug|Any CPU.Build.0 = Debug|Any CPU
		{69EB8E45-3DDA-4AEA-8636-C0DC81BE8B8B}.Release|Any CPU.ActiveCfg = Release|Any CPU
		{69EB8E45-3DDA-4AEA-8636-C0DC81BE8B8B}.Release|Any CPU.Build.0 = Release|Any CPU
	EndGlobalSection
	GlobalSection(SolutionProperties) = preSolution
		HideSolutionNode = FALSE
	EndGlobalSection
	GlobalSection(NestedProjects) = preSolution
		{5B02CE32-CEA2-4904-9972-2B8D73442417} = {B48488ED-4089-4AA0-BD6D-13A8D11D087F}
		{BDCC799E-E4D1-4890-B22B-02D9DB01D149} = {C2686032-0CBD-43CE-87CB-FE79BF2F7423}
		{E953DAD6-6697-4469-8172-444DA89CECAD} = {B48488ED-4089-4AA0-BD6D-13A8D11D087F}
		{DF9D5986-469D-4673-BE83-E0152E628A14} = {B48488ED-4089-4AA0-BD6D-13A8D11D087F}
		{3D684A94-6876-4757-87B3-DB4C321AA7D0} = {3B351150-D8D4-4437-8101-DDBE29C823FD}
		{01A3E718-6E21-4A3E-99B0-E00B1E9D8804} = {B48488ED-4089-4AA0-BD6D-13A8D11D087F}
		{608F7A92-7A2A-4F73-AD21-7166B283610B} = {7ECE39DA-A84C-4A02-B78B-440C10F56C41}
		{504B3940-A6B1-4B24-AD68-7D89D561A82D} = {7ECE39DA-A84C-4A02-B78B-440C10F56C41}
		{B7F9BF71-3FC1-423D-98CE-F5D6A2FB1B80} = {B48488ED-4089-4AA0-BD6D-13A8D11D087F}
		{69EB8E45-3DDA-4AEA-8636-C0DC81BE8B8B} = {FF476DD0-36C4-4235-95DB-03657851C481}
	EndGlobalSection
	GlobalSection(ExtensibilityGlobals) = postSolution
		SolutionGuid = {2A103E56-C1C3-4E3D-8F9A-B549F78F00CD}
	EndGlobalSection
EndGlobal
